
Microsoft Visual Studio Solution File, Format Version 12.00
# Visual Studio Version 16
VisualStudioVersion = 16.0.31205.134
MinimumVisualStudioVersion = 10.0.40219.1
Project("{9A19103F-16F7-4668-BE54-9A1E7A4F7556}") = "BlogLab.Web", "BlogLab.Web\BlogLab.Web.csproj", "{A61A69B6-6F5E-4D2A-B3A3-49AC68DC1A43}"
EndProject
Project("{FAE04EC0-301F-11D3-BF4B-00C04F79EFBC}") = "BlogLab.Core", "BlogLab.Core\BlogLab.Core.csproj", "{66626ACA-414E-4B19-AF66-3427986AE85B}"
EndProject
Project("{FAE04EC0-301F-11D3-BF4B-00C04F79EFBC}") = "BlogLab.Repository", "BlogLab.Repository\BlogLab.Repository.csproj", "{16D0C884-15C8-480E-9181-F4AC430AF2CF}"
EndProject
Project("{FAE04EC0-301F-11D3-BF4B-00C04F79EFBC}") = "BlogLab.Identity", "BlogLab.Identity\BlogLab.Identity.csproj", "{87DA511E-7A2F-4301-BD9D-B515BBACA698}"
EndProject
Project("{FAE04EC0-301F-11D3-BF4B-00C04F79EFBC}") = "BlogLab.Services", "BlogLab.Services\BlogLab.Services.csproj", "{162A0500-0749-4B89-BAE3-61C352DFA70E}"
EndProject
Global
	GlobalSection(SolutionConfigurationPlatforms) = preSolution
		Debug|Any CPU = Debug|Any CPU
		Release|Any CPU = Release|Any CPU
	EndGlobalSection
	GlobalSection(ProjectConfigurationPlatforms) = postSolution
		{A61A69B6-6F5E-4D2A-B3A3-49AC68DC1A43}.Debug|Any CPU.ActiveCfg = Debug|Any CPU
		{A61A69B6-6F5E-4D2A-B3A3-49AC68DC1A43}.Debug|Any CPU.Build.0 = Debug|Any CPU
		{A61A69B6-6F5E-4D2A-B3A3-49AC68DC1A43}.Release|Any CPU.ActiveCfg = Release|Any CPU
		{A61A69B6-6F5E-4D2A-B3A3-49AC68DC1A43}.Release|Any CPU.Build.0 = Release|Any CPU
		{66626ACA-414E-4B19-AF66-3427986AE85B}.Debug|Any CPU.ActiveCfg = Debug|Any CPU
		{66626ACA-414E-4B19-AF66-3427986AE85B}.Debug|Any CPU.Build.0 = Debug|Any CPU
		{66626ACA-414E-4B19-AF66-3427986AE85B}.Release|Any CPU.ActiveCfg = Release|Any CPU
		{66626ACA-414E-4B19-AF66-3427986AE85B}.Release|Any CPU.Build.0 = Release|Any CPU
		{16D0C884-15C8-480E-9181-F4AC430AF2CF}.Debug|Any CPU.ActiveCfg = Debug|Any CPU
		{16D0C884-15C8-480E-9181-F4AC430AF2CF}.Debug|Any CPU.Build.0 = Debug|Any CPU
		{16D0C884-15C8-480E-9181-F4AC430AF2CF}.Release|Any CPU.ActiveCfg = Release|Any CPU
		{16D0C884-15C8-480E-9181-F4AC430AF2CF}.Release|Any CPU.Build.0 = Release|Any CPU
		{87DA511E-7A2F-4301-BD9D-B515BBACA698}.Debug|Any CPU.ActiveCfg = Debug|Any CPU
		{87DA511E-7A2F-4301-BD9D-B515BBACA698}.Debug|Any CPU.Build.0 = Debug|Any CPU
		{87DA511E-7A2F-4301-BD9D-B515BBACA698}.Release|Any CPU.ActiveCfg = Release|Any CPU
		{87DA511E-7A2F-4301-BD9D-B515BBACA698}.Release|Any CPU.Build.0 = Release|Any CPU
		{162A0500-0749-4B89-BAE3-61C352DFA70E}.Debug|Any CPU.ActiveCfg = Debug|Any CPU
		{162A0500-0749-4B89-BAE3-61C352DFA70E}.Debug|Any CPU.Build.0 = Debug|Any CPU
		{162A0500-0749-4B89-BAE3-61C352DFA70E}.Release|Any CPU.ActiveCfg = Release|Any CPU
		{162A0500-0749-4B89-BAE3-61C352DFA70E}.Release|Any CPU.Build.0 = Release|Any CPU
	EndGlobalSection
	GlobalSection(SolutionProperties) = preSolution
		HideSolutionNode = FALSE
	EndGlobalSection
	GlobalSection(ExtensibilityGlobals) = postSolution
		SolutionGuid = {49DC8ED4-EE5C-453D-B57F-936D288D5C0D}
	EndGlobalSection
EndGlobal
